
Microsoft Visual Studio Solution File, Format Version 11.00
# Visual C++ Express 2010
Project("{8BC9CEB8-8B4A-11D0-8D11-00A0C91BC942}") = "audio_file_compare", "audio_file_compare.vcxproj", "{878F1DBE-5275-4A34-A1D2-40336DC513BE}"
EndProject
Global
	GlobalSection(SolutionConfigurationPlatforms) = preSolution
		Debug|Win32 = Debug|Win32
		Release|Win32 = Release|Win32
	EndGlobalSection
	GlobalSection(ProjectConfigurationPlatforms) = postSolution
		{878F1DBE-5275-4A34-A1D2-40336DC513BE}.Debug|Win32.ActiveCfg = Debug|Win32
		{878F1DBE-5275-4A34-A1D2-40336DC513BE}.Debug|Win32.Build.0 = Debug|Win32
		{878F1DBE-5275-4A34-A1D2-40336DC513BE}.Release|Win32.ActiveCfg = Release|Win32
		{878F1DBE-5275-4A34-A1D2-40336DC513BE}.Release|Win32.Build.0 = Release|Win32
	EndGlobalSection
	GlobalSection(SolutionProperties) = preSolution
		HideSolutionNode = FALSE
	EndGlobalSection
EndGlobal
